<?xml version="1.0" encoding="UTF-8" standalone="yes" ?>
<CodeBlocks_project_file>
	<FileVersion major="1" minor="6" />
	<Project>
		<Option title="Mario" />
		<Option pch_mode="2" />
		<Option compiler="gcc" />
		<Build>
			<Target title="Debug">
				<Option output="bin/Debug/Mario" prefix_auto="1" extension_auto="1" />
				<Option object_output="obj/Debug/" />
				<Option type="1" />
				<Option compiler="gcc" />
				<Compiler>
					<Add option="-g" />
				</Compiler>
			</Target>
			<Target title="Release">
				<Option output="bin/Release/Mario" prefix_auto="1" extension_auto="1" />
				<Option object_output="obj/Release/" />
				<Option type="1" />
				<Option compiler="gcc" />
				<Compiler>
					<Add option="-O2" />
				</Compiler>
				<Linker>
					<Add option="-s" />
				</Linker>
			</Target>
		</Build>
		<Compiler>
			<Add option="-Wall" />
			<Add option="-std=c++14" />
			<Add option="-fexceptions" />
			<Add directory="/home/yhubaut/NazaraEngine/include" />
			<Add directory="/home/yhubaut/NazaraEngine/examples/Mario/Extlibs" />
			<Add directory="Extlibs/pugixml-1.7/src" />
			<Add directory="/home/yhubaut/NazaraEngine/SDK/include" />
			<Add directory="/home/yhubaut/NazaraEngine/examples/Mario" />
		</Compiler>
		<Linker>
			<Add library="/home/yhubaut/NazaraEngine/lib/gmake/x64/libNazaraCore-d.so" />
			<Add library="/home/yhubaut/NazaraEngine/lib/gmake/x64/libNazaraAudio-d.so" />
			<Add library="/home/yhubaut/NazaraEngine/lib/gmake/x64/libNazaraUtility-d.so" />
			<Add library="/home/yhubaut/NazaraEngine/lib/gmake/x64/libNazaraRenderer-d.so" />
			<Add library="/home/yhubaut/NazaraEngine/lib/gmake/x64/libNazaraGraphics-d.so" />
			<Add library="/home/yhubaut/NazaraEngine/lib/gmake/x64/libNazaraLua-d.so" />
			<Add library="/home/yhubaut/NazaraEngine/lib/gmake/x64/libNazaraNetwork-d.so" />
			<Add library="/home/yhubaut/NazaraEngine/lib/gmake/x64/libNazaraNoise-d.so" />
			<Add library="/home/yhubaut/NazaraEngine/lib/gmake/x64/libNazaraPhysics-d.so" />
			<Add library="/home/yhubaut/NazaraEngine/lib/gmake/x64/libNazaraVulkan-d.so" />
			<Add library="/home/yhubaut/NazaraEngine/lib/gmake/x64/libNazaraSDK-d.so" />
			<Add library="/home/yhubaut/NazaraEngine/lib/gmake/x64/libNazaraSDKServer-d.so" />
			<Add library="/home/yhubaut/NazaraEngine/examples/Mario/Extlibs/pugixml-1.7/scripts/codeblocks/libpugixml.a" />
		</Linker>
		<Unit filename="Core/Character.cpp" />
		<Unit filename="Core/Character.hpp" />
		<Unit filename="Core/Coin.cpp" />
		<Unit filename="Core/Coin.hpp" />
		<Unit filename="Core/CollisionHelper.hpp" />
		<Unit filename="Core/Command.hpp" />
		<Unit filename="Core/CommandQueue.cpp" />
		<Unit filename="Core/CommandQueue.hpp" />
		<Unit filename="Core/Enemy.cpp" />
		<Unit filename="Core/Enemy.hpp" />
		<Unit filename="Core/EnemyType.hpp" />
		<Unit filename="Core/Entity.cpp" />
		<Unit filename="Core/Entity.hpp" />
		<Unit filename="Core/KeyBinding.cpp" />
		<Unit filename="Core/KeyBinding.hpp" />
		<Unit filename="Core/Level.cpp" />
		<Unit filename="Core/Level.hpp" />
		<Unit filename="Core/Map.cpp" />
		<Unit filename="Core/Map.hpp" />
		<Unit filename="Core/Player.cpp" />
		<Unit filename="Core/Player.hpp" />
		<Unit filename="Core/StateContext.cpp" />
		<Unit filename="Core/StateContext.hpp" />
		<Unit filename="Core/TMXParser.cpp" />
		<Unit filename="Core/TMXParser.hpp" />
		<Unit filename="Core/Tile.cpp" />
		<Unit filename="Core/Tile.hpp" />
		<Unit filename="Core/URL.hpp" />
		<Unit filename="States/DeathState.cpp" />
		<Unit filename="States/DeathState.hpp" />
		<Unit filename="States/GameState.cpp" />
		<Unit filename="States/GameState.hpp" />
		<Unit filename="States/StateFactory.cpp" />
		<Unit filename="States/StateFactory.hpp" />
		<Unit filename="View/AcidRain.cpp" />
		<Unit filename="View/AcidRain.hpp" />
		<Unit filename="View/AnimatedSprite.cpp" />
		<Unit filename="View/AnimatedSprite.hpp" />
		<Unit filename="View/Animation.cpp" />
		<Unit filename="View/Animation.hpp" />
		<Unit filename="View/AnimationParser.cpp" />
		<Unit filename="View/AnimationParser.hpp" />
		<Unit filename="View/Dimensions.hpp" />
		<Unit filename="View/EntityPainter.cpp" />
		<Unit filename="View/EntityPainter.hpp" />
		<Unit filename="View/GUI.cpp" />
		<Unit filename="View/GUI.hpp" />
		<Unit filename="View/GamePainter.cpp" />
		<Unit filename="View/GamePainter.hpp" />
		<Unit filename="View/LevelPainter.cpp" />
		<Unit filename="View/LevelPainter.hpp" />
		<Unit filename="View/ScreenPainter.cpp" />
		<Unit filename="View/ScreenPainter.hpp" />
		<Unit filename="View/SpriteManager.cpp" />
		<Unit filename="View/SpriteManager.hpp" />
		<Unit filename="main.cpp" />
		<Extensions>
			<code_completion />
			<envvars />
			<lib_finder disable_auto="1" />
			<debugger />
		</Extensions>
	</Project>
</CodeBlocks_project_file>
